
Microsoft Visual Studio Solution File, Format Version 12.00
# Visual Studio 14
VisualStudioVersion = 14.0.24720.0
MinimumVisualStudioVersion = 10.0.40219.1
Project("{8BC9CEB8-8B4A-11D0-8D11-00A0C91BC942}") = "Listing3_1", "Chapter_3_Data_and_C\Chapter_3_Data_and_C.vcxproj", "{FC6B997E-9F47-45C9-BE69-69696E134D46}"
EndProject
Project("{8BC9CEB8-8B4A-11D0-8D11-00A0C91BC942}") = "Listing3_2", "Listing3_2\Listing3_2.vcxproj", "{47ED2CCA-40FB-4DDF-84E6-2533A4052164}"
EndProject
Project("{8BC9CEB8-8B4A-11D0-8D11-00A0C91BC942}") = "Listing3_3", "Listing3_3\Listing3_3.vcxproj", "{58CA8B24-5A0F-4237-A0A2-E56420F171B8}"
EndProject
Project("{8BC9CEB8-8B4A-11D0-8D11-00A0C91BC942}") = "Listing3_4", "Listing3_4\Listing3_4.vcxproj", "{ADD2E0ED-A491-4F66-87AD-ACF99A1EB830}"
EndProject
Project("{8BC9CEB8-8B4A-11D0-8D11-00A0C91BC942}") = "Listing3_5", "Listing3_5\Listing3_5.vcxproj", "{3B19B1DA-9F0B-43E4-BC91-B8655984B350}"
EndProject
Project("{8BC9CEB8-8B4A-11D0-8D11-00A0C91BC942}") = "Listing3_6", "Listing3_6\Listing3_6.vcxproj", "{E0D406B9-D79E-4F90-BF6D-D54D522E3957}"
EndProject
Project("{8BC9CEB8-8B4A-11D0-8D11-00A0C91BC942}") = "Listing3_7", "Listing3_7\Listing3_7.vcxproj", "{5A09A0F0-9F29-482D-83D3-2F2C4A216752}"
EndProject
Project("{8BC9CEB8-8B4A-11D0-8D11-00A0C91BC942}") = "Listing3_8", "Listing3_8\Listing3_8.vcxproj", "{584CE3E5-001C-4B1C-BA00-D21F1BA0BCAC}"
EndProject
Project("{8BC9CEB8-8B4A-11D0-8D11-00A0C91BC942}") = "Listing3_9", "Listing3_9\Listing3_9.vcxproj", "{A0CA0162-5E84-4C29-AF50-6F76139D94B6}"
EndProject
Project("{8BC9CEB8-8B4A-11D0-8D11-00A0C91BC942}") = "Listing3_10", "Listing3_10\Listing3_10.vcxproj", "{E493D9EF-D03C-424B-BF29-60C26346DB5A}"
EndProject
Project("{8BC9CEB8-8B4A-11D0-8D11-00A0C91BC942}") = "Listing4_1", "Listing4_1\Listing4_1.vcxproj", "{69A47047-DA89-40D3-9F90-7F677C876AB7}"
EndProject
Project("{8BC9CEB8-8B4A-11D0-8D11-00A0C91BC942}") = "Listing4_2", "Listing4_\Listing4_.vcxproj", "{8EFAD6B2-FCC1-4305-A652-23F2EC01E1C4}"
EndProject
Project("{8BC9CEB8-8B4A-11D0-8D11-00A0C91BC942}") = "file1_0", "file1_0\file1_0.vcxproj", "{BD6BEA12-6988-4CB0-AA02-AA6AF4763D78}"
EndProject
Project("{8BC9CEB8-8B4A-11D0-8D11-00A0C91BC942}") = "Listing4_3", "Listing4_3\Listing4_3.vcxproj", "{17491C97-4E30-4B11-8CF0-936092F8F3C6}"
EndProject
Project("{8BC9CEB8-8B4A-11D0-8D11-00A0C91BC942}") = "Listing4_4", "Listing4_4\Listing4_4.vcxproj", "{E372C4BA-A259-44B5-A2EC-6B1A60D4036F}"
EndProject
Project("{8BC9CEB8-8B4A-11D0-8D11-00A0C91BC942}") = "Listing4_5", "Listing4_5\Listing4_5.vcxproj", "{D75C62F8-7AB8-4147-AD16-578767BF61F3}"
EndProject
Project("{8BC9CEB8-8B4A-11D0-8D11-00A0C91BC942}") = "Listing4_6", "Listing4_6\Listing4_6.vcxproj", "{AB3FA074-7AEE-4A1B-8A6F-D1A3D63D43D5}"
EndProject
Global
	GlobalSection(SolutionConfigurationPlatforms) = preSolution
		Debug|x64 = Debug|x64
		Debug|x86 = Debug|x86
		Release|x64 = Release|x64
		Release|x86 = Release|x86
	EndGlobalSection
	GlobalSection(ProjectConfigurationPlatforms) = postSolution
		{FC6B997E-9F47-45C9-BE69-69696E134D46}.Debug|x64.ActiveCfg = Debug|x64
		{FC6B997E-9F47-45C9-BE69-69696E134D46}.Debug|x64.Build.0 = Debug|x64
		{FC6B997E-9F47-45C9-BE69-69696E134D46}.Debug|x86.ActiveCfg = Debug|Win32
		{FC6B997E-9F47-45C9-BE69-69696E134D46}.Debug|x86.Build.0 = Debug|Win32
		{FC6B997E-9F47-45C9-BE69-69696E134D46}.Release|x64.ActiveCfg = Release|x64
		{FC6B997E-9F47-45C9-BE69-69696E134D46}.Release|x64.Build.0 = Release|x64
		{FC6B997E-9F47-45C9-BE69-69696E134D46}.Release|x86.ActiveCfg = Release|Win32
		{FC6B997E-9F47-45C9-BE69-69696E134D46}.Release|x86.Build.0 = Release|Win32
		{47ED2CCA-40FB-4DDF-84E6-2533A4052164}.Debug|x64.ActiveCfg = Debug|x64
		{47ED2CCA-40FB-4DDF-84E6-2533A4052164}.Debug|x64.Build.0 = Debug|x64
		{47ED2CCA-40FB-4DDF-84E6-2533A4052164}.Debug|x86.ActiveCfg = Debug|Win32
		{47ED2CCA-40FB-4DDF-84E6-2533A4052164}.Debug|x86.Build.0 = Debug|Win32
		{47ED2CCA-40FB-4DDF-84E6-2533A4052164}.Release|x64.ActiveCfg = Release|x64
		{47ED2CCA-40FB-4DDF-84E6-2533A4052164}.Release|x64.Build.0 = Release|x64
		{47ED2CCA-40FB-4DDF-84E6-2533A4052164}.Release|x86.ActiveCfg = Release|Win32
		{47ED2CCA-40FB-4DDF-84E6-2533A4052164}.Release|x86.Build.0 = Release|Win32
		{58CA8B24-5A0F-4237-A0A2-E56420F171B8}.Debug|x64.ActiveCfg = Debug|x64
		{58CA8B24-5A0F-4237-A0A2-E56420F171B8}.Debug|x64.Build.0 = Debug|x64
		{58CA8B24-5A0F-4237-A0A2-E56420F171B8}.Debug|x86.ActiveCfg = Debug|Win32
		{58CA8B24-5A0F-4237-A0A2-E56420F171B8}.Debug|x86.Build.0 = Debug|Win32
		{58CA8B24-5A0F-4237-A0A2-E56420F171B8}.Release|x64.ActiveCfg = Release|x64
		{58CA8B24-5A0F-4237-A0A2-E56420F171B8}.Release|x64.Build.0 = Release|x64
		{58CA8B24-5A0F-4237-A0A2-E56420F171B8}.Release|x86.ActiveCfg = Release|Win32
		{58CA8B24-5A0F-4237-A0A2-E56420F171B8}.Release|x86.Build.0 = Release|Win32
		{ADD2E0ED-A491-4F66-87AD-ACF99A1EB830}.Debug|x64.ActiveCfg = Debug|x64
		{ADD2E0ED-A491-4F66-87AD-ACF99A1EB830}.Debug|x64.Build.0 = Debug|x64
		{ADD2E0ED-A491-4F66-87AD-ACF99A1EB830}.Debug|x86.ActiveCfg = Debug|Win32
		{ADD2E0ED-A491-4F66-87AD-ACF99A1EB830}.Debug|x86.Build.0 = Debug|Win32
		{ADD2E0ED-A491-4F66-87AD-ACF99A1EB830}.Release|x64.ActiveCfg = Release|x64
		{ADD2E0ED-A491-4F66-87AD-ACF99A1EB830}.Release|x64.Build.0 = Release|x64
		{ADD2E0ED-A491-4F66-87AD-ACF99A1EB830}.Release|x86.ActiveCfg = Release|Win32
		{ADD2E0ED-A491-4F66-87AD-ACF99A1EB830}.Release|x86.Build.0 = Release|Win32
		{3B19B1DA-9F0B-43E4-BC91-B8655984B350}.Debug|x64.ActiveCfg = Debug|x64
		{3B19B1DA-9F0B-43E4-BC91-B8655984B350}.Debug|x64.Build.0 = Debug|x64
		{3B19B1DA-9F0B-43E4-BC91-B8655984B350}.Debug|x86.ActiveCfg = Debug|Win32
		{3B19B1DA-9F0B-43E4-BC91-B8655984B350}.Debug|x86.Build.0 = Debug|Win32
		{3B19B1DA-9F0B-43E4-BC91-B8655984B350}.Release|x64.ActiveCfg = Release|x64
		{3B19B1DA-9F0B-43E4-BC91-B8655984B350}.Release|x64.Build.0 = Release|x64
		{3B19B1DA-9F0B-43E4-BC91-B8655984B350}.Release|x86.ActiveCfg = Release|Win32
		{3B19B1DA-9F0B-43E4-BC91-B8655984B350}.Release|x86.Build.0 = Release|Win32
		{E0D406B9-D79E-4F90-BF6D-D54D522E3957}.Debug|x64.ActiveCfg = Debug|x64
		{E0D406B9-D79E-4F90-BF6D-D54D522E3957}.Debug|x64.Build.0 = Debug|x64
		{E0D406B9-D79E-4F90-BF6D-D54D522E3957}.Debug|x86.ActiveCfg = Debug|Win32
		{E0D406B9-D79E-4F90-BF6D-D54D522E3957}.Debug|x86.Build.0 = Debug|Win32
		{E0D406B9-D79E-4F90-BF6D-D54D522E3957}.Release|x64.ActiveCfg = Release|x64
		{E0D406B9-D79E-4F90-BF6D-D54D522E3957}.Release|x64.Build.0 = Release|x64
		{E0D406B9-D79E-4F90-BF6D-D54D522E3957}.Release|x86.ActiveCfg = Release|Win32
		{E0D406B9-D79E-4F90-BF6D-D54D522E3957}.Release|x86.Build.0 = Release|Win32
		{5A09A0F0-9F29-482D-83D3-2F2C4A216752}.Debug|x64.ActiveCfg = Debug|x64
		{5A09A0F0-9F29-482D-83D3-2F2C4A216752}.Debug|x64.Build.0 = Debug|x64
		{5A09A0F0-9F29-482D-83D3-2F2C4A216752}.Debug|x86.ActiveCfg = Debug|Win32
		{5A09A0F0-9F29-482D-83D3-2F2C4A216752}.Debug|x86.Build.0 = Debug|Win32
		{5A09A0F0-9F29-482D-83D3-2F2C4A216752}.Release|x64.ActiveCfg = Release|x64
		{5A09A0F0-9F29-482D-83D3-2F2C4A216752}.Release|x64.Build.0 = Release|x64
		{5A09A0F0-9F29-482D-83D3-2F2C4A216752}.Release|x86.ActiveCfg = Release|Win32
		{5A09A0F0-9F29-482D-83D3-2F2C4A216752}.Release|x86.Build.0 = Release|Win32
		{584CE3E5-001C-4B1C-BA00-D21F1BA0BCAC}.Debug|x64.ActiveCfg = Debug|x64
		{584CE3E5-001C-4B1C-BA00-D21F1BA0BCAC}.Debug|x64.Build.0 = Debug|x64
		{584CE3E5-001C-4B1C-BA00-D21F1BA0BCAC}.Debug|x86.ActiveCfg = Debug|Win32
		{584CE3E5-001C-4B1C-BA00-D21F1BA0BCAC}.Debug|x86.Build.0 = Debug|Win32
		{584CE3E5-001C-4B1C-BA00-D21F1BA0BCAC}.Release|x64.ActiveCfg = Release|x64
		{584CE3E5-001C-4B1C-BA00-D21F1BA0BCAC}.Release|x64.Build.0 = Release|x64
		{584CE3E5-001C-4B1C-BA00-D21F1BA0BCAC}.Release|x86.ActiveCfg = Release|Win32
		{584CE3E5-001C-4B1C-BA00-D21F1BA0BCAC}.Release|x86.Build.0 = Release|Win32
		{A0CA0162-5E84-4C29-AF50-6F76139D94B6}.Debug|x64.ActiveCfg = Debug|x64
		{A0CA0162-5E84-4C29-AF50-6F76139D94B6}.Debug|x64.Build.0 = Debug|x64
		{A0CA0162-5E84-4C29-AF50-6F76139D94B6}.Debug|x86.ActiveCfg = Debug|Win32
		{A0CA0162-5E84-4C29-AF50-6F76139D94B6}.Debug|x86.Build.0 = Debug|Win32
		{A0CA0162-5E84-4C29-AF50-6F76139D94B6}.Release|x64.ActiveCfg = Release|x64
		{A0CA0162-5E84-4C29-AF50-6F76139D94B6}.Release|x64.Build.0 = Release|x64
		{A0CA0162-5E84-4C29-AF50-6F76139D94B6}.Release|x86.ActiveCfg = Release|Win32
		{A0CA0162-5E84-4C29-AF50-6F76139D94B6}.Release|x86.Build.0 = Release|Win32
		{E493D9EF-D03C-424B-BF29-60C26346DB5A}.Debug|x64.ActiveCfg = Debug|x64
		{E493D9EF-D03C-424B-BF29-60C26346DB5A}.Debug|x64.Build.0 = Debug|x64
		{E493D9EF-D03C-424B-BF29-60C26346DB5A}.Debug|x86.ActiveCfg = Debug|Win32
		{E493D9EF-D03C-424B-BF29-60C26346DB5A}.Debug|x86.Build.0 = Debug|Win32
		{E493D9EF-D03C-424B-BF29-60C26346DB5A}.Release|x64.ActiveCfg = Release|x64
		{E493D9EF-D03C-424B-BF29-60C26346DB5A}.Release|x64.Build.0 = Release|x64
		{E493D9EF-D03C-424B-BF29-60C26346DB5A}.Release|x86.ActiveCfg = Release|Win32
		{E493D9EF-D03C-424B-BF29-60C26346DB5A}.Release|x86.Build.0 = Release|Win32
		{69A47047-DA89-40D3-9F90-7F677C876AB7}.Debug|x64.ActiveCfg = Debug|x64
		{69A47047-DA89-40D3-9F90-7F677C876AB7}.Debug|x64.Build.0 = Debug|x64
		{69A47047-DA89-40D3-9F90-7F677C876AB7}.Debug|x86.ActiveCfg = Debug|Win32
		{69A47047-DA89-40D3-9F90-7F677C876AB7}.Debug|x86.Build.0 = Debug|Win32
		{69A47047-DA89-40D3-9F90-7F677C876AB7}.Release|x64.ActiveCfg = Release|x64
		{69A47047-DA89-40D3-9F90-7F677C876AB7}.Release|x64.Build.0 = Release|x64
		{69A47047-DA89-40D3-9F90-7F677C876AB7}.Release|x86.ActiveCfg = Release|Win32
		{69A47047-DA89-40D3-9F90-7F677C876AB7}.Release|x86.Build.0 = Release|Win32
		{8EFAD6B2-FCC1-4305-A652-23F2EC01E1C4}.Debug|x64.ActiveCfg = Debug|x64
		{8EFAD6B2-FCC1-4305-A652-23F2EC01E1C4}.Debug|x64.Build.0 = Debug|x64
		{8EFAD6B2-FCC1-4305-A652-23F2EC01E1C4}.Debug|x86.ActiveCfg = Debug|Win32
		{8EFAD6B2-FCC1-4305-A652-23F2EC01E1C4}.Debug|x86.Build.0 = Debug|Win32
		{8EFAD6B2-FCC1-4305-A652-23F2EC01E1C4}.Release|x64.ActiveCfg = Release|x64
		{8EFAD6B2-FCC1-4305-A652-23F2EC01E1C4}.Release|x64.Build.0 = Release|x64
		{8EFAD6B2-FCC1-4305-A652-23F2EC01E1C4}.Release|x86.ActiveCfg = Release|Win32
		{8EFAD6B2-FCC1-4305-A652-23F2EC01E1C4}.Release|x86.Build.0 = Release|Win32
		{BD6BEA12-6988-4CB0-AA02-AA6AF4763D78}.Debug|x64.ActiveCfg = Debug|x64
		{BD6BEA12-6988-4CB0-AA02-AA6AF4763D78}.Debug|x64.Build.0 = Debug|x64
		{BD6BEA12-6988-4CB0-AA02-AA6AF4763D78}.Debug|x86.ActiveCfg = Debug|Win32
		{BD6BEA12-6988-4CB0-AA02-AA6AF4763D78}.Debug|x86.Build.0 = Debug|Win32
		{BD6BEA12-6988-4CB0-AA02-AA6AF4763D78}.Release|x64.ActiveCfg = Release|x64
		{BD6BEA12-6988-4CB0-AA02-AA6AF4763D78}.Release|x64.Build.0 = Release|x64
		{BD6BEA12-6988-4CB0-AA02-AA6AF4763D78}.Release|x86.ActiveCfg = Release|Win32
		{BD6BEA12-6988-4CB0-AA02-AA6AF4763D78}.Release|x86.Build.0 = Release|Win32
		{17491C97-4E30-4B11-8CF0-936092F8F3C6}.Debug|x64.ActiveCfg = Debug|x64
		{17491C97-4E30-4B11-8CF0-936092F8F3C6}.Debug|x64.Build.0 = Debug|x64
		{17491C97-4E30-4B11-8CF0-936092F8F3C6}.Debug|x86.ActiveCfg = Debug|Win32
		{17491C97-4E30-4B11-8CF0-936092F8F3C6}.Debug|x86.Build.0 = Debug|Win32
		{17491C97-4E30-4B11-8CF0-936092F8F3C6}.Release|x64.ActiveCfg = Release|x64
		{17491C97-4E30-4B11-8CF0-936092F8F3C6}.Release|x64.Build.0 = Release|x64
		{17491C97-4E30-4B11-8CF0-936092F8F3C6}.Release|x86.ActiveCfg = Release|Win32
		{17491C97-4E30-4B11-8CF0-936092F8F3C6}.Release|x86.Build.0 = Release|Win32
		{E372C4BA-A259-44B5-A2EC-6B1A60D4036F}.Debug|x64.ActiveCfg = Debug|x64
		{E372C4BA-A259-44B5-A2EC-6B1A60D4036F}.Debug|x64.Build.0 = Debug|x64
		{E372C4BA-A259-44B5-A2EC-6B1A60D4036F}.Debug|x86.ActiveCfg = Debug|Win32
		{E372C4BA-A259-44B5-A2EC-6B1A60D4036F}.Debug|x86.Build.0 = Debug|Win32
		{E372C4BA-A259-44B5-A2EC-6B1A60D4036F}.Release|x64.ActiveCfg = Release|x64
		{E372C4BA-A259-44B5-A2EC-6B1A60D4036F}.Release|x64.Build.0 = Release|x64
		{E372C4BA-A259-44B5-A2EC-6B1A60D4036F}.Release|x86.ActiveCfg = Release|Win32
		{E372C4BA-A259-44B5-A2EC-6B1A60D4036F}.Release|x86.Build.0 = Release|Win32
		{D75C62F8-7AB8-4147-AD16-578767BF61F3}.Debug|x64.ActiveCfg = Debug|x64
		{D75C62F8-7AB8-4147-AD16-578767BF61F3}.Debug|x64.Build.0 = Debug|x64
		{D75C62F8-7AB8-4147-AD16-578767BF61F3}.Debug|x86.ActiveCfg = Debug|Win32
		{D75C62F8-7AB8-4147-AD16-578767BF61F3}.Debug|x86.Build.0 = Debug|Win32
		{D75C62F8-7AB8-4147-AD16-578767BF61F3}.Release|x64.ActiveCfg = Release|x64
		{D75C62F8-7AB8-4147-AD16-578767BF61F3}.Release|x64.Build.0 = Release|x64
		{D75C62F8-7AB8-4147-AD16-578767BF61F3}.Release|x86.ActiveCfg = Release|Win32
		{D75C62F8-7AB8-4147-AD16-578767BF61F3}.Release|x86.Build.0 = Release|Win32
		{AB3FA074-7AEE-4A1B-8A6F-D1A3D63D43D5}.Debug|x64.ActiveCfg = Debug|x64
		{AB3FA074-7AEE-4A1B-8A6F-D1A3D63D43D5}.Debug|x64.Build.0 = Debug|x64
		{AB3FA074-7AEE-4A1B-8A6F-D1A3D63D43D5}.Debug|x86.ActiveCfg = Debug|Win32
		{AB3FA074-7AEE-4A1B-8A6F-D1A3D63D43D5}.Debug|x86.Build.0 = Debug|Win32
		{AB3FA074-7AEE-4A1B-8A6F-D1A3D63D43D5}.Release|x64.ActiveCfg = Release|x64
		{AB3FA074-7AEE-4A1B-8A6F-D1A3D63D43D5}.Release|x64.Build.0 = Release|x64
		{AB3FA074-7AEE-4A1B-8A6F-D1A3D63D43D5}.Release|x86.ActiveCfg = Release|Win32
		{AB3FA074-7AEE-4A1B-8A6F-D1A3D63D43D5}.Release|x86.Build.0 = Release|Win32
	EndGlobalSection
	GlobalSection(SolutionProperties) = preSolution
		HideSolutionNode = FALSE
	EndGlobalSection
EndGlobal
