
Microsoft Visual Studio Solution File, Format Version 12.00
# Visual Studio 14
VisualStudioVersion = 14.0.24720.0
MinimumVisualStudioVersion = 10.0.40219.1
Project("{8BC9CEB8-8B4A-11D0-8D11-00A0C91BC942}") = "file1_0", "file1_0\file1_0.vcxproj", "{BD6BEA12-6988-4CB0-AA02-AA6AF4763D78}"
EndProject
Project("{8BC9CEB8-8B4A-11D0-8D11-00A0C91BC942}") = "Listing6_9", "Listing6_9\Listing6_9.vcxproj", "{573FC9FD-B22E-4BD2-8A11-3B429DE6F931}"
EndProject
Project("{FAE04EC0-301F-11D3-BF4B-00C04F79EFBC}") = "WebApplication1", "WebApplication1\WebApplication1.csproj", "{72E17F6C-2B8D-455B-B689-AB1D242AF69C}"
EndProject
Project("{FAE04EC0-301F-11D3-BF4B-00C04F79EFBC}") = "ConsoleApplication1", "ConsoleApplication1\ConsoleApplication1.csproj", "{3ACB6997-7644-4609-A624-AD4D8D6CA4CA}"
EndProject
Project("{8BC9CEB8-8B4A-11D0-8D11-00A0C91BC942}") = "Listing6_14", "Listing6_14\Listing6_14.vcxproj", "{D0809316-FC7A-4A17-A5A5-98D3BE4C9B85}"
EndProject
Global
	GlobalSection(SolutionConfigurationPlatforms) = preSolution
		Debug|Any CPU = Debug|Any CPU
		Debug|x64 = Debug|x64
		Debug|x86 = Debug|x86
		Release|Any CPU = Release|Any CPU
		Release|x64 = Release|x64
		Release|x86 = Release|x86
	EndGlobalSection
	GlobalSection(ProjectConfigurationPlatforms) = postSolution
		{BD6BEA12-6988-4CB0-AA02-AA6AF4763D78}.Debug|Any CPU.ActiveCfg = Debug|Win32
		{BD6BEA12-6988-4CB0-AA02-AA6AF4763D78}.Debug|x64.ActiveCfg = Debug|x64
		{BD6BEA12-6988-4CB0-AA02-AA6AF4763D78}.Debug|x64.Build.0 = Debug|x64
		{BD6BEA12-6988-4CB0-AA02-AA6AF4763D78}.Debug|x86.ActiveCfg = Debug|Win32
		{BD6BEA12-6988-4CB0-AA02-AA6AF4763D78}.Debug|x86.Build.0 = Debug|Win32
		{BD6BEA12-6988-4CB0-AA02-AA6AF4763D78}.Release|Any CPU.ActiveCfg = Release|Win32
		{BD6BEA12-6988-4CB0-AA02-AA6AF4763D78}.Release|x64.ActiveCfg = Release|x64
		{BD6BEA12-6988-4CB0-AA02-AA6AF4763D78}.Release|x64.Build.0 = Release|x64
		{BD6BEA12-6988-4CB0-AA02-AA6AF4763D78}.Release|x86.ActiveCfg = Release|Win32
		{BD6BEA12-6988-4CB0-AA02-AA6AF4763D78}.Release|x86.Build.0 = Release|Win32
		{573FC9FD-B22E-4BD2-8A11-3B429DE6F931}.Debug|Any CPU.ActiveCfg = Debug|Win32
		{573FC9FD-B22E-4BD2-8A11-3B429DE6F931}.Debug|x64.ActiveCfg = Debug|x64
		{573FC9FD-B22E-4BD2-8A11-3B429DE6F931}.Debug|x64.Build.0 = Debug|x64
		{573FC9FD-B22E-4BD2-8A11-3B429DE6F931}.Debug|x86.ActiveCfg = Debug|Win32
		{573FC9FD-B22E-4BD2-8A11-3B429DE6F931}.Debug|x86.Build.0 = Debug|Win32
		{573FC9FD-B22E-4BD2-8A11-3B429DE6F931}.Release|Any CPU.ActiveCfg = Release|Win32
		{573FC9FD-B22E-4BD2-8A11-3B429DE6F931}.Release|x64.ActiveCfg = Release|x64
		{573FC9FD-B22E-4BD2-8A11-3B429DE6F931}.Release|x64.Build.0 = Release|x64
		{573FC9FD-B22E-4BD2-8A11-3B429DE6F931}.Release|x86.ActiveCfg = Release|Win32
		{573FC9FD-B22E-4BD2-8A11-3B429DE6F931}.Release|x86.Build.0 = Release|Win32
		{72E17F6C-2B8D-455B-B689-AB1D242AF69C}.Debug|Any CPU.ActiveCfg = Debug|Any CPU
		{72E17F6C-2B8D-455B-B689-AB1D242AF69C}.Debug|Any CPU.Build.0 = Debug|Any CPU
		{72E17F6C-2B8D-455B-B689-AB1D242AF69C}.Debug|x64.ActiveCfg = Debug|Any CPU
		{72E17F6C-2B8D-455B-B689-AB1D242AF69C}.Debug|x64.Build.0 = Debug|Any CPU
		{72E17F6C-2B8D-455B-B689-AB1D242AF69C}.Debug|x86.ActiveCfg = Debug|Any CPU
		{72E17F6C-2B8D-455B-B689-AB1D242AF69C}.Debug|x86.Build.0 = Debug|Any CPU
		{72E17F6C-2B8D-455B-B689-AB1D242AF69C}.Release|Any CPU.ActiveCfg = Release|Any CPU
		{72E17F6C-2B8D-455B-B689-AB1D242AF69C}.Release|Any CPU.Build.0 = Release|Any CPU
		{72E17F6C-2B8D-455B-B689-AB1D242AF69C}.Release|x64.ActiveCfg = Release|Any CPU
		{72E17F6C-2B8D-455B-B689-AB1D242AF69C}.Release|x64.Build.0 = Release|Any CPU
		{72E17F6C-2B8D-455B-B689-AB1D242AF69C}.Release|x86.ActiveCfg = Release|Any CPU
		{72E17F6C-2B8D-455B-B689-AB1D242AF69C}.Release|x86.Build.0 = Release|Any CPU
		{3ACB6997-7644-4609-A624-AD4D8D6CA4CA}.Debug|Any CPU.ActiveCfg = Debug|Any CPU
		{3ACB6997-7644-4609-A624-AD4D8D6CA4CA}.Debug|Any CPU.Build.0 = Debug|Any CPU
		{3ACB6997-7644-4609-A624-AD4D8D6CA4CA}.Debug|x64.ActiveCfg = Debug|Any CPU
		{3ACB6997-7644-4609-A624-AD4D8D6CA4CA}.Debug|x64.Build.0 = Debug|Any CPU
		{3ACB6997-7644-4609-A624-AD4D8D6CA4CA}.Debug|x86.ActiveCfg = Debug|Any CPU
		{3ACB6997-7644-4609-A624-AD4D8D6CA4CA}.Debug|x86.Build.0 = Debug|Any CPU
		{3ACB6997-7644-4609-A624-AD4D8D6CA4CA}.Release|Any CPU.ActiveCfg = Release|Any CPU
		{3ACB6997-7644-4609-A624-AD4D8D6CA4CA}.Release|Any CPU.Build.0 = Release|Any CPU
		{3ACB6997-7644-4609-A624-AD4D8D6CA4CA}.Release|x64.ActiveCfg = Release|Any CPU
		{3ACB6997-7644-4609-A624-AD4D8D6CA4CA}.Release|x64.Build.0 = Release|Any CPU
		{3ACB6997-7644-4609-A624-AD4D8D6CA4CA}.Release|x86.ActiveCfg = Release|Any CPU
		{3ACB6997-7644-4609-A624-AD4D8D6CA4CA}.Release|x86.Build.0 = Release|Any CPU
		{D0809316-FC7A-4A17-A5A5-98D3BE4C9B85}.Debug|Any CPU.ActiveCfg = Debug|Win32
		{D0809316-FC7A-4A17-A5A5-98D3BE4C9B85}.Debug|x64.ActiveCfg = Debug|x64
		{D0809316-FC7A-4A17-A5A5-98D3BE4C9B85}.Debug|x64.Build.0 = Debug|x64
		{D0809316-FC7A-4A17-A5A5-98D3BE4C9B85}.Debug|x86.ActiveCfg = Debug|Win32
		{D0809316-FC7A-4A17-A5A5-98D3BE4C9B85}.Debug|x86.Build.0 = Debug|Win32
		{D0809316-FC7A-4A17-A5A5-98D3BE4C9B85}.Release|Any CPU.ActiveCfg = Release|Win32
		{D0809316-FC7A-4A17-A5A5-98D3BE4C9B85}.Release|x64.ActiveCfg = Release|x64
		{D0809316-FC7A-4A17-A5A5-98D3BE4C9B85}.Release|x64.Build.0 = Release|x64
		{D0809316-FC7A-4A17-A5A5-98D3BE4C9B85}.Release|x86.ActiveCfg = Release|Win32
		{D0809316-FC7A-4A17-A5A5-98D3BE4C9B85}.Release|x86.Build.0 = Release|Win32
	EndGlobalSection
	GlobalSection(SolutionProperties) = preSolution
		HideSolutionNode = FALSE
	EndGlobalSection
EndGlobal
